
Microsoft Visual Studio Solution File, Format Version 12.00
# Visual Studio Version 16
VisualStudioVersion = 16.0.30225.117
MinimumVisualStudioVersion = 10.0.40219.1
Project("{FAE04EC0-301F-11D3-BF4B-00C04F79EFBC}") = "LogicalProgram", "LogicalProgram\LogicalProgram.csproj", "{8E69D94C-8ACD-4975-AA8E-4730429EDDDC}"
EndProject
Global
	GlobalSection(SolutionConfigurationPlatforms) = preSolution
		Debug|Any CPU = Debug|Any CPU
		Release|Any CPU = Release|Any CPU
	EndGlobalSection
	GlobalSection(ProjectConfigurationPlatforms) = postSolution
		{8E69D94C-8ACD-4975-AA8E-4730429EDDDC}.Debug|Any CPU.ActiveCfg = Debug|Any CPU
		{8E69D94C-8ACD-4975-AA8E-4730429EDDDC}.Debug|Any CPU.Build.0 = Debug|Any CPU
		{8E69D94C-8ACD-4975-AA8E-4730429EDDDC}.Release|Any CPU.ActiveCfg = Release|Any CPU
		{8E69D94C-8ACD-4975-AA8E-4730429EDDDC}.Release|Any CPU.Build.0 = Release|Any CPU
	EndGlobalSection
	GlobalSection(SolutionProperties) = preSolution
		HideSolutionNode = FALSE
	EndGlobalSection
	GlobalSection(ExtensibilityGlobals) = postSolution
		SolutionGuid = {CCAEE4C9-2562-4CBC-B090-1F38404ED828}
	EndGlobalSection
EndGlobal
